
Microsoft Visual Studio Solution File, Format Version 12.00
# Visual Studio Version 16
VisualStudioVersion = 16.0.29209.62
MinimumVisualStudioVersion = 10.0.40219.1
Project("{9A19103F-16F7-4668-BE54-9A1E7A4F7556}") = "ApiProductos", "ApiProductos\ApiProductos.csproj", "{765B9B34-EBD9-4DB1-8ED6-6D86A8D4EB8E}"
EndProject
Global
	GlobalSection(SolutionConfigurationPlatforms) = preSolution
		Debug|Any CPU = Debug|Any CPU
		Release|Any CPU = Release|Any CPU
	EndGlobalSection
	GlobalSection(ProjectConfigurationPlatforms) = postSolution
		{765B9B34-EBD9-4DB1-8ED6-6D86A8D4EB8E}.Debug|Any CPU.ActiveCfg = Debug|Any CPU
		{765B9B34-EBD9-4DB1-8ED6-6D86A8D4EB8E}.Debug|Any CPU.Build.0 = Debug|Any CPU
		{765B9B34-EBD9-4DB1-8ED6-6D86A8D4EB8E}.Release|Any CPU.ActiveCfg = Release|Any CPU
		{765B9B34-EBD9-4DB1-8ED6-6D86A8D4EB8E}.Release|Any CPU.Build.0 = Release|Any CPU
	EndGlobalSection
	GlobalSection(SolutionProperties) = preSolution
		HideSolutionNode = FALSE
	EndGlobalSection
	GlobalSection(ExtensibilityGlobals) = postSolution
		SolutionGuid = {83BC1775-8D1A-43B9-A345-863349312D4E}
	EndGlobalSection
EndGlobal
